
Microsoft Visual Studio Solution File, Format Version 12.00
# Visual Studio Version 17
VisualStudioVersion = 17.8.34511.84
MinimumVisualStudioVersion = 10.0.40219.1
Project("{FAE04EC0-301F-11D3-BF4B-00C04F79EFBC}") = "EjercicioExcepciones", "EjercicioExcepciones\EjercicioExcepciones.csproj", "{11581CDF-E846-4B33-B4E8-1B8E963EB80D}"
EndProject
Global
	GlobalSection(SolutionConfigurationPlatforms) = preSolution
		Debug|Any CPU = Debug|Any CPU
		Release|Any CPU = Release|Any CPU
	EndGlobalSection
	GlobalSection(ProjectConfigurationPlatforms) = postSolution
		{11581CDF-E846-4B33-B4E8-1B8E963EB80D}.Debug|Any CPU.ActiveCfg = Debug|Any CPU
		{11581CDF-E846-4B33-B4E8-1B8E963EB80D}.Debug|Any CPU.Build.0 = Debug|Any CPU
		{11581CDF-E846-4B33-B4E8-1B8E963EB80D}.Release|Any CPU.ActiveCfg = Release|Any CPU
		{11581CDF-E846-4B33-B4E8-1B8E963EB80D}.Release|Any CPU.Build.0 = Release|Any CPU
	EndGlobalSection
	GlobalSection(SolutionProperties) = preSolution
		HideSolutionNode = FALSE
	EndGlobalSection
	GlobalSection(ExtensibilityGlobals) = postSolution
		SolutionGuid = {C93BA46B-A999-4BDD-80D3-90B6374D1871}
	EndGlobalSection
EndGlobal
